// !$*UTF8*$!
{
	archiveVersion = 1;
	classes = {
	};
	objectVersion = 55;
	objects = {

/* Begin PBXBuildFile section */
		7028231628B4DCA0000B6F18 /* UIView+CornerRadius.swift in Sources */ = {isa = PBXBuildFile; fileRef = 7028231528B4DCA0000B6F18 /* UIView+CornerRadius.swift */; };
		7028231828B4DEA7000B6F18 /* HomeViewModel.swift in Sources */ = {isa = PBXBuildFile; fileRef = 7028231728B4DEA7000B6F18 /* HomeViewModel.swift */; };
		7028231A28B4E164000B6F18 /* ViewModelType.swift in Sources */ = {isa = PBXBuildFile; fileRef = 7028231928B4E164000B6F18 /* ViewModelType.swift */; };
		7028231D28B4E489000B6F18 /* SearchCountryViewController.swift in Sources */ = {isa = PBXBuildFile; fileRef = 7028231C28B4E489000B6F18 /* SearchCountryViewController.swift */; };
		7028232128B4E8FC000B6F18 /* SearchCountryViewModel.swift in Sources */ = {isa = PBXBuildFile; fileRef = 7028232028B4E8FC000B6F18 /* SearchCountryViewModel.swift */; };
		7028232328B4E90A000B6F18 /* SearchCountryCoordinator.swift in Sources */ = {isa = PBXBuildFile; fileRef = 7028232228B4E90A000B6F18 /* SearchCountryCoordinator.swift */; };
		7028232728B4F5FA000B6F18 /* CountryTableViewCell.swift in Sources */ = {isa = PBXBuildFile; fileRef = 7028232528B4F5FA000B6F18 /* CountryTableViewCell.swift */; };
		7028232828B4F5FA000B6F18 /* CountryTableViewCell.xib in Resources */ = {isa = PBXBuildFile; fileRef = 7028232628B4F5FA000B6F18 /* CountryTableViewCell.xib */; };
		7028232A28B4F983000B6F18 /* HolidayRepository.swift in Sources */ = {isa = PBXBuildFile; fileRef = 7028232928B4F983000B6F18 /* HolidayRepository.swift */; };
		705108DB28AFEA8900C39001 /* AppDelegate.swift in Sources */ = {isa = PBXBuildFile; fileRef = 705108DA28AFEA8900C39001 /* AppDelegate.swift */; };
		705108E228AFEA8900C39001 /* Main.storyboard in Resources */ = {isa = PBXBuildFile; fileRef = 705108E028AFEA8900C39001 /* Main.storyboard */; };
		705108E428AFEA8A00C39001 /* Assets.xcassets in Resources */ = {isa = PBXBuildFile; fileRef = 705108E328AFEA8A00C39001 /* Assets.xcassets */; };
		705108E728AFEA8A00C39001 /* LaunchScreen.storyboard in Resources */ = {isa = PBXBuildFile; fileRef = 705108E528AFEA8A00C39001 /* LaunchScreen.storyboard */; };
		705108F028AFED0100C39001 /* AppCoordinator.swift in Sources */ = {isa = PBXBuildFile; fileRef = 705108EF28AFED0100C39001 /* AppCoordinator.swift */; };
		705108F228AFF11A00C39001 /* BaseCoordinator.swift in Sources */ = {isa = PBXBuildFile; fileRef = 705108F128AFF11A00C39001 /* BaseCoordinator.swift */; };
		705108F528AFF16F00C39001 /* InitialCoordinator.swift in Sources */ = {isa = PBXBuildFile; fileRef = 705108F428AFF16F00C39001 /* InitialCoordinator.swift */; };
		705108F928AFF2B600C39001 /* HomeViewController.swift in Sources */ = {isa = PBXBuildFile; fileRef = 705108F828AFF2B600C39001 /* HomeViewController.swift */; };
		705108FB28AFF31600C39001 /* HomeCoordinator.swift in Sources */ = {isa = PBXBuildFile; fileRef = 705108FA28AFF31600C39001 /* HomeCoordinator.swift */; };
		705D108C28B0F32C009484D8 /* Networking.swift in Sources */ = {isa = PBXBuildFile; fileRef = 705D108B28B0F32C009484D8 /* Networking.swift */; };
		705D108E28B0F76E009484D8 /* Network.swift in Sources */ = {isa = PBXBuildFile; fileRef = 705D108D28B0F76E009484D8 /* Network.swift */; };
		705D109D28B106F4009484D8 /* NetworkingTest.swift in Sources */ = {isa = PBXBuildFile; fileRef = 705D109C28B106F4009484D8 /* NetworkingTest.swift */; };
		705D10A328B10CEA009484D8 /* Countries.swift in Sources */ = {isa = PBXBuildFile; fileRef = 705D10A228B10CEA009484D8 /* Countries.swift */; };
		7063887E28B8DA9700A29794 /* Holidays.swift in Sources */ = {isa = PBXBuildFile; fileRef = 7063887D28B8DA9700A29794 /* Holidays.swift */; };
		7063888128B8E82700A29794 /* HolidaysViewController.swift in Sources */ = {isa = PBXBuildFile; fileRef = 7063888028B8E82700A29794 /* HolidaysViewController.swift */; };
		7063888328B8E83400A29794 /* HolidaysViewModel.swift in Sources */ = {isa = PBXBuildFile; fileRef = 7063888228B8E83400A29794 /* HolidaysViewModel.swift */; };
		7063888528B8E83E00A29794 /* HolidaysCoordinator.swift in Sources */ = {isa = PBXBuildFile; fileRef = 7063888428B8E83E00A29794 /* HolidaysCoordinator.swift */; };
		7066A7ED28C1E80C00302365 /* HolidayTableViewCell.swift in Sources */ = {isa = PBXBuildFile; fileRef = 7066A7EB28C1E80C00302365 /* HolidayTableViewCell.swift */; };
		7066A7EE28C1E80C00302365 /* HolidayTableViewCell.xib in Resources */ = {isa = PBXBuildFile; fileRef = 7066A7EC28C1E80C00302365 /* HolidayTableViewCell.xib */; };
		7066A7F128C1F88000302365 /* DetailsHolidayViewModel.swift in Sources */ = {isa = PBXBuildFile; fileRef = 7066A7F028C1F88000302365 /* DetailsHolidayViewModel.swift */; };
		7066A7F328C1F93B00302365 /* DetailsHolidayCoordinator.swift in Sources */ = {isa = PBXBuildFile; fileRef = 7066A7F228C1F93B00302365 /* DetailsHolidayCoordinator.swift */; };
		7066A7F528C1F95700302365 /* DetailsHolidayViewController.swift in Sources */ = {isa = PBXBuildFile; fileRef = 7066A7F428C1F95700302365 /* DetailsHolidayViewController.swift */; };
		E6B0E41B6F95B618D003B791 /* Pods_HolidayApp.framework in Frameworks */ = {isa = PBXBuildFile; fileRef = E5CDDF39763D8B4DC634C636 /* Pods_HolidayApp.framework */; };
/* End PBXBuildFile section */

/* Begin PBXContainerItemProxy section */
		705D109728B106AE009484D8 /* PBXContainerItemProxy */ = {
			isa = PBXContainerItemProxy;
			containerPortal = 705108CF28AFEA8900C39001 /* Project object */;
			proxyType = 1;
			remoteGlobalIDString = 705108D628AFEA8900C39001;
			remoteInfo = HolidayApp;
		};
/* End PBXContainerItemProxy section */

/* Begin PBXFileReference section */
		37998D3E522C05BB5C714685 /* Pods-HolidayApp.release.xcconfig */ = {isa = PBXFileReference; includeInIndex = 1; lastKnownFileType = text.xcconfig; name = "Pods-HolidayApp.release.xcconfig"; path = "Target Support Files/Pods-HolidayApp/Pods-HolidayApp.release.xcconfig"; sourceTree = "<group>"; };
		7028231528B4DCA0000B6F18 /* UIView+CornerRadius.swift */ = {isa = PBXFileReference; lastKnownFileType = sourcecode.swift; path = "UIView+CornerRadius.swift"; sourceTree = "<group>"; };
		7028231728B4DEA7000B6F18 /* HomeViewModel.swift */ = {isa = PBXFileReference; lastKnownFileType = sourcecode.swift; path = HomeViewModel.swift; sourceTree = "<group>"; };
		7028231928B4E164000B6F18 /* ViewModelType.swift */ = {isa = PBXFileReference; lastKnownFileType = sourcecode.swift; path = ViewModelType.swift; sourceTree = "<group>"; };
		7028231C28B4E489000B6F18 /* SearchCountryViewController.swift */ = {isa = PBXFileReference; lastKnownFileType = sourcecode.swift; path = SearchCountryViewController.swift; sourceTree = "<group>"; };
		7028232028B4E8FC000B6F18 /* SearchCountryViewModel.swift */ = {isa = PBXFileReference; lastKnownFileType = sourcecode.swift; path = SearchCountryViewModel.swift; sourceTree = "<group>"; };
		7028232228B4E90A000B6F18 /* SearchCountryCoordinator.swift */ = {isa = PBXFileReference; lastKnownFileType = sourcecode.swift; path = SearchCountryCoordinator.swift; sourceTree = "<group>"; };
		7028232528B4F5FA000B6F18 /* CountryTableViewCell.swift */ = {isa = PBXFileReference; lastKnownFileType = sourcecode.swift; path = CountryTableViewCell.swift; sourceTree = "<group>"; };
		7028232628B4F5FA000B6F18 /* CountryTableViewCell.xib */ = {isa = PBXFileReference; lastKnownFileType = file.xib; path = CountryTableViewCell.xib; sourceTree = "<group>"; };
		7028232928B4F983000B6F18 /* HolidayRepository.swift */ = {isa = PBXFileReference; lastKnownFileType = sourcecode.swift; path = HolidayRepository.swift; sourceTree = "<group>"; };
		705108D728AFEA8900C39001 /* HolidayApp.app */ = {isa = PBXFileReference; explicitFileType = wrapper.application; includeInIndex = 0; path = HolidayApp.app; sourceTree = BUILT_PRODUCTS_DIR; };
		705108DA28AFEA8900C39001 /* AppDelegate.swift */ = {isa = PBXFileReference; lastKnownFileType = sourcecode.swift; path = AppDelegate.swift; sourceTree = "<group>"; };
		705108E128AFEA8900C39001 /* Base */ = {isa = PBXFileReference; lastKnownFileType = file.storyboard; name = Base; path = Base.lproj/Main.storyboard; sourceTree = "<group>"; };
		705108E328AFEA8A00C39001 /* Assets.xcassets */ = {isa = PBXFileReference; lastKnownFileType = folder.assetcatalog; path = Assets.xcassets; sourceTree = "<group>"; };
		705108E628AFEA8A00C39001 /* Base */ = {isa = PBXFileReference; lastKnownFileType = file.storyboard; name = Base; path = Base.lproj/LaunchScreen.storyboard; sourceTree = "<group>"; };
		705108E828AFEA8A00C39001 /* Info.plist */ = {isa = PBXFileReference; lastKnownFileType = text.plist.xml; path = Info.plist; sourceTree = "<group>"; };
		705108EF28AFED0100C39001 /* AppCoordinator.swift */ = {isa = PBXFileReference; lastKnownFileType = sourcecode.swift; path = AppCoordinator.swift; sourceTree = "<group>"; };
		705108F128AFF11A00C39001 /* BaseCoordinator.swift */ = {isa = PBXFileReference; lastKnownFileType = sourcecode.swift; path = BaseCoordinator.swift; sourceTree = "<group>"; };
		705108F428AFF16F00C39001 /* InitialCoordinator.swift */ = {isa = PBXFileReference; lastKnownFileType = sourcecode.swift; path = InitialCoordinator.swift; sourceTree = "<group>"; };
		705108F828AFF2B600C39001 /* HomeViewController.swift */ = {isa = PBXFileReference; lastKnownFileType = sourcecode.swift; path = HomeViewController.swift; sourceTree = "<group>"; };
		705108FA28AFF31600C39001 /* HomeCoordinator.swift */ = {isa = PBXFileReference; lastKnownFileType = sourcecode.swift; path = HomeCoordinator.swift; sourceTree = "<group>"; };
		705D108B28B0F32C009484D8 /* Networking.swift */ = {isa = PBXFileReference; lastKnownFileType = sourcecode.swift; path = Networking.swift; sourceTree = "<group>"; };
		705D108D28B0F76E009484D8 /* Network.swift */ = {isa = PBXFileReference; lastKnownFileType = sourcecode.swift; path = Network.swift; sourceTree = "<group>"; };
		705D109328B106AE009484D8 /* HolidayAppTests.xctest */ = {isa = PBXFileReference; explicitFileType = wrapper.cfbundle; includeInIndex = 0; path = HolidayAppTests.xctest; sourceTree = BUILT_PRODUCTS_DIR; };
		705D109C28B106F4009484D8 /* NetworkingTest.swift */ = {isa = PBXFileReference; lastKnownFileType = sourcecode.swift; path = NetworkingTest.swift; sourceTree = "<group>"; };
		705D10A228B10CEA009484D8 /* Countries.swift */ = {isa = PBXFileReference; lastKnownFileType = sourcecode.swift; path = Countries.swift; sourceTree = "<group>"; };
		7063887D28B8DA9700A29794 /* Holidays.swift */ = {isa = PBXFileReference; lastKnownFileType = sourcecode.swift; path = Holidays.swift; sourceTree = "<group>"; };
		7063888028B8E82700A29794 /* HolidaysViewController.swift */ = {isa = PBXFileReference; lastKnownFileType = sourcecode.swift; path = HolidaysViewController.swift; sourceTree = "<group>"; };
		7063888228B8E83400A29794 /* HolidaysViewModel.swift */ = {isa = PBXFileReference; lastKnownFileType = sourcecode.swift; path = HolidaysViewModel.swift; sourceTree = "<group>"; };
		7063888428B8E83E00A29794 /* HolidaysCoordinator.swift */ = {isa = PBXFileReference; lastKnownFileType = sourcecode.swift; path = HolidaysCoordinator.swift; sourceTree = "<group>"; };
		7066A7EB28C1E80C00302365 /* HolidayTableViewCell.swift */ = {isa = PBXFileReference; lastKnownFileType = sourcecode.swift; path = HolidayTableViewCell.swift; sourceTree = "<group>"; };
		7066A7EC28C1E80C00302365 /* HolidayTableViewCell.xib */ = {isa = PBXFileReference; lastKnownFileType = file.xib; path = HolidayTableViewCell.xib; sourceTree = "<group>"; };
		7066A7F028C1F88000302365 /* DetailsHolidayViewModel.swift */ = {isa = PBXFileReference; lastKnownFileType = sourcecode.swift; path = DetailsHolidayViewModel.swift; sourceTree = "<group>"; };
		7066A7F228C1F93B00302365 /* DetailsHolidayCoordinator.swift */ = {isa = PBXFileReference; lastKnownFileType = sourcecode.swift; path = DetailsHolidayCoordinator.swift; sourceTree = "<group>"; };
		7066A7F428C1F95700302365 /* DetailsHolidayViewController.swift */ = {isa = PBXFileReference; lastKnownFileType = sourcecode.swift; path = DetailsHolidayViewController.swift; sourceTree = "<group>"; };
		CA1C77DA98C40250B646A6A2 /* Pods-HolidayApp.debug.xcconfig */ = {isa = PBXFileReference; includeInIndex = 1; lastKnownFileType = text.xcconfig; name = "Pods-HolidayApp.debug.xcconfig"; path = "Target Support Files/Pods-HolidayApp/Pods-HolidayApp.debug.xcconfig"; sourceTree = "<group>"; };
		E5CDDF39763D8B4DC634C636 /* Pods_HolidayApp.framework */ = {isa = PBXFileReference; explicitFileType = wrapper.framework; includeInIndex = 0; path = Pods_HolidayApp.framework; sourceTree = BUILT_PRODUCTS_DIR; };
/* End PBXFileReference section */

/* Begin PBXFrameworksBuildPhase section */
		705108D428AFEA8900C39001 /* Frameworks */ = {
			isa = PBXFrameworksBuildPhase;
			buildActionMask = 2147483647;
			files = (
				E6B0E41B6F95B618D003B791 /* Pods_HolidayApp.framework in Frameworks */,
			);
			runOnlyForDeploymentPostprocessing = 0;
		};
		705D109028B106AE009484D8 /* Frameworks */ = {
			isa = PBXFrameworksBuildPhase;
			buildActionMask = 2147483647;
			files = (
			);
			runOnlyForDeploymentPostprocessing = 0;
		};
/* End PBXFrameworksBuildPhase section */

/* Begin PBXGroup section */
		6C7CC9FFDF1B0C8DE490C81B /* Frameworks */ = {
			isa = PBXGroup;
			children = (
				E5CDDF39763D8B4DC634C636 /* Pods_HolidayApp.framework */,
			);
			name = Frameworks;
			sourceTree = "<group>";
		};
		7028231428B4DC76000B6F18 /* Extensions */ = {
			isa = PBXGroup;
			children = (
				7028231528B4DCA0000B6F18 /* UIView+CornerRadius.swift */,
			);
			path = Extensions;
			sourceTree = "<group>";
		};
		7028231B28B4E472000B6F18 /* Search Country */ = {
			isa = PBXGroup;
			children = (
				7028232428B4F5E3000B6F18 /* Cell */,
				7028231C28B4E489000B6F18 /* SearchCountryViewController.swift */,
				7028232028B4E8FC000B6F18 /* SearchCountryViewModel.swift */,
				7028232228B4E90A000B6F18 /* SearchCountryCoordinator.swift */,
			);
			path = "Search Country";
			sourceTree = "<group>";
		};
		7028232428B4F5E3000B6F18 /* Cell */ = {
			isa = PBXGroup;
			children = (
				7028232528B4F5FA000B6F18 /* CountryTableViewCell.swift */,
				7028232628B4F5FA000B6F18 /* CountryTableViewCell.xib */,
			);
			path = Cell;
			sourceTree = "<group>";
		};
		705108CE28AFEA8900C39001 = {
			isa = PBXGroup;
			children = (
				705108D928AFEA8900C39001 /* HolidayApp */,
				705D109428B106AE009484D8 /* HolidayAppTests */,
				705108D828AFEA8900C39001 /* Products */,
				9636827B52EBA89D6D5457D6 /* Pods */,
				6C7CC9FFDF1B0C8DE490C81B /* Frameworks */,
			);
			sourceTree = "<group>";
		};
		705108D828AFEA8900C39001 /* Products */ = {
			isa = PBXGroup;
			children = (
				705108D728AFEA8900C39001 /* HolidayApp.app */,
				705D109328B106AE009484D8 /* HolidayAppTests.xctest */,
			);
			name = Products;
			sourceTree = "<group>";
		};
		705108D928AFEA8900C39001 /* HolidayApp */ = {
			isa = PBXGroup;
			children = (
				7028231428B4DC76000B6F18 /* Extensions */,
				705D109F28B10C01009484D8 /* Models */,
				705D108A28B0F1FB009484D8 /* Network */,
				705108EE28AFECE400C39001 /* App */,
				705108F328AFF16300C39001 /* Common */,
				705108F628AFF29900C39001 /* Modules */,
				705108FC28AFF57700C39001 /* Resources */,
				705108E828AFEA8A00C39001 /* Info.plist */,
			);
			path = HolidayApp;
			sourceTree = "<group>";
		};
		705108EE28AFECE400C39001 /* App */ = {
			isa = PBXGroup;
			children = (
				705108DA28AFEA8900C39001 /* AppDelegate.swift */,
				705108EF28AFED0100C39001 /* AppCoordinator.swift */,
			);
			path = App;
			sourceTree = "<group>";
		};
		705108F328AFF16300C39001 /* Common */ = {
			isa = PBXGroup;
			children = (
				705108F128AFF11A00C39001 /* BaseCoordinator.swift */,
				705108F428AFF16F00C39001 /* InitialCoordinator.swift */,
				7028231928B4E164000B6F18 /* ViewModelType.swift */,
			);
			path = Common;
			sourceTree = "<group>";
		};
		705108F628AFF29900C39001 /* Modules */ = {
			isa = PBXGroup;
			children = (
				7066A7EF28C1F78C00302365 /* Details Holiday */,
				7063887F28B8E7DB00A29794 /* Holidays */,
				7028231B28B4E472000B6F18 /* Search Country */,
				705108F728AFF29E00C39001 /* Home */,
			);
			path = Modules;
			sourceTree = "<group>";
		};
		705108F728AFF29E00C39001 /* Home */ = {
			isa = PBXGroup;
			children = (
				705108F828AFF2B600C39001 /* HomeViewController.swift */,
				705108FA28AFF31600C39001 /* HomeCoordinator.swift */,
				7028231728B4DEA7000B6F18 /* HomeViewModel.swift */,
			);
			path = Home;
			sourceTree = "<group>";
		};
		705108FC28AFF57700C39001 /* Resources */ = {
			isa = PBXGroup;
			children = (
				705108E028AFEA8900C39001 /* Main.storyboard */,
				705108E328AFEA8A00C39001 /* Assets.xcassets */,
				705108E528AFEA8A00C39001 /* LaunchScreen.storyboard */,
			);
			path = Resources;
			sourceTree = "<group>";
		};
		705D108A28B0F1FB009484D8 /* Network */ = {
			isa = PBXGroup;
			children = (
				705D108B28B0F32C009484D8 /* Networking.swift */,
				705D108D28B0F76E009484D8 /* Network.swift */,
				7028232928B4F983000B6F18 /* HolidayRepository.swift */,
			);
			path = Network;
			sourceTree = "<group>";
		};
		705D109428B106AE009484D8 /* HolidayAppTests */ = {
			isa = PBXGroup;
			children = (
				705D109C28B106F4009484D8 /* NetworkingTest.swift */,
			);
			path = HolidayAppTests;
			sourceTree = "<group>";
		};
		705D109F28B10C01009484D8 /* Models */ = {
			isa = PBXGroup;
			children = (
				705D10A228B10CEA009484D8 /* Countries.swift */,
				7063887D28B8DA9700A29794 /* Holidays.swift */,
			);
			path = Models;
			sourceTree = "<group>";
		};
		7063887F28B8E7DB00A29794 /* Holidays */ = {
			isa = PBXGroup;
			children = (
				7066A7EA28C1E7E700302365 /* Cell */,
				7063888028B8E82700A29794 /* HolidaysViewController.swift */,
				7063888228B8E83400A29794 /* HolidaysViewModel.swift */,
				7063888428B8E83E00A29794 /* HolidaysCoordinator.swift */,
			);
			path = Holidays;
			sourceTree = "<group>";
		};
		7066A7EA28C1E7E700302365 /* Cell */ = {
			isa = PBXGroup;
			children = (
				7066A7EB28C1E80C00302365 /* HolidayTableViewCell.swift */,
				7066A7EC28C1E80C00302365 /* HolidayTableViewCell.xib */,
			);
			path = Cell;
			sourceTree = "<group>";
		};
		7066A7EF28C1F78C00302365 /* Details Holiday */ = {
			isa = PBXGroup;
			children = (
				7066A7F028C1F88000302365 /* DetailsHolidayViewModel.swift */,
				7066A7F228C1F93B00302365 /* DetailsHolidayCoordinator.swift */,
				7066A7F428C1F95700302365 /* DetailsHolidayViewController.swift */,
			);
			path = "Details Holiday";
			sourceTree = "<group>";
		};
		9636827B52EBA89D6D5457D6 /* Pods */ = {
			isa = PBXGroup;
			children = (
				CA1C77DA98C40250B646A6A2 /* Pods-HolidayApp.debug.xcconfig */,
				37998D3E522C05BB5C714685 /* Pods-HolidayApp.release.xcconfig */,
			);
			path = Pods;
			sourceTree = "<group>";
		};
/* End PBXGroup section */

/* Begin PBXNativeTarget section */
		705108D628AFEA8900C39001 /* HolidayApp */ = {
			isa = PBXNativeTarget;
			buildConfigurationList = 705108EB28AFEA8A00C39001 /* Build configuration list for PBXNativeTarget "HolidayApp" */;
			buildPhases = (
				D2EFE35D94EBC7488A2A50F8 /* [CP] Check Pods Manifest.lock */,
				705108D328AFEA8900C39001 /* Sources */,
				705108D428AFEA8900C39001 /* Frameworks */,
				705108D528AFEA8900C39001 /* Resources */,
				7186E7B3A1A9C12E65857796 /* [CP] Embed Pods Frameworks */,
			);
			buildRules = (
			);
			dependencies = (
			);
			name = HolidayApp;
			productName = HolidayApp;
			productReference = 705108D728AFEA8900C39001 /* HolidayApp.app */;
			productType = "com.apple.product-type.application";
		};
		705D109228B106AE009484D8 /* HolidayAppTests */ = {
			isa = PBXNativeTarget;
			buildConfigurationList = 705D109928B106AE009484D8 /* Build configuration list for PBXNativeTarget "HolidayAppTests" */;
			buildPhases = (
				705D108F28B106AE009484D8 /* Sources */,
				705D109028B106AE009484D8 /* Frameworks */,
				705D109128B106AE009484D8 /* Resources */,
			);
			buildRules = (
			);
			dependencies = (
				705D109828B106AE009484D8 /* PBXTargetDependency */,
			);
			name = HolidayAppTests;
			productName = HolidayAppTests;
			productReference = 705D109328B106AE009484D8 /* HolidayAppTests.xctest */;
			productType = "com.apple.product-type.bundle.unit-test";
		};
/* End PBXNativeTarget section */

/* Begin PBXProject section */
		705108CF28AFEA8900C39001 /* Project object */ = {
			isa = PBXProject;
			attributes = {
				BuildIndependentTargetsInParallel = 1;
				LastSwiftUpdateCheck = 1340;
				LastUpgradeCheck = 1340;
				TargetAttributes = {
					705108D628AFEA8900C39001 = {
						CreatedOnToolsVersion = 13.4.1;
					};
					705D109228B106AE009484D8 = {
						CreatedOnToolsVersion = 13.4.1;
						TestTargetID = 705108D628AFEA8900C39001;
					};
				};
			};
			buildConfigurationList = 705108D228AFEA8900C39001 /* Build configuration list for PBXProject "HolidayApp" */;
			compatibilityVersion = "Xcode 13.0";
			developmentRegion = en;
			hasScannedForEncodings = 0;
			knownRegions = (
				en,
				Base,
			);
			mainGroup = 705108CE28AFEA8900C39001;
			productRefGroup = 705108D828AFEA8900C39001 /* Products */;
			projectDirPath = "";
			projectRoot = "";
			targets = (
				705108D628AFEA8900C39001 /* HolidayApp */,
				705D109228B106AE009484D8 /* HolidayAppTests */,
			);
		};
/* End PBXProject section */

/* Begin PBXResourcesBuildPhase section */
		705108D528AFEA8900C39001 /* Resources */ = {
			isa = PBXResourcesBuildPhase;
			buildActionMask = 2147483647;
			files = (
				7066A7EE28C1E80C00302365 /* HolidayTableViewCell.xib in Resources */,
				7028232828B4F5FA000B6F18 /* CountryTableViewCell.xib in Resources */,
				705108E728AFEA8A00C39001 /* LaunchScreen.storyboard in Resources */,
				705108E428AFEA8A00C39001 /* Assets.xcassets in Resources */,
				705108E228AFEA8900C39001 /* Main.storyboard in Resources */,
			);
			runOnlyForDeploymentPostprocessing = 0;
		};
		705D109128B106AE009484D8 /* Resources */ = {
			isa = PBXResourcesBuildPhase;
			buildActionMask = 2147483647;
			files = (
			);
			runOnlyForDeploymentPostprocessing = 0;
		};
/* End PBXResourcesBuildPhase section */

/* Begin PBXShellScriptBuildPhase section */
		7186E7B3A1A9C12E65857796 /* [CP] Embed Pods Frameworks */ = {
			isa = PBXShellScriptBuildPhase;
			buildActionMask = 2147483647;
			files = (
			);
			inputFileListPaths = (
				"${PODS_ROOT}/Target Support Files/Pods-HolidayApp/Pods-HolidayApp-frameworks-${CONFIGURATION}-input-files.xcfilelist",
			);
			name = "[CP] Embed Pods Frameworks";
			outputFileListPaths = (
				"${PODS_ROOT}/Target Support Files/Pods-HolidayApp/Pods-HolidayApp-frameworks-${CONFIGURATION}-output-files.xcfilelist",
			);
			runOnlyForDeploymentPostprocessing = 0;
			shellPath = /bin/sh;
			shellScript = "\"${PODS_ROOT}/Target Support Files/Pods-HolidayApp/Pods-HolidayApp-frameworks.sh\"\n";
			showEnvVarsInLog = 0;
		};
		D2EFE35D94EBC7488A2A50F8 /* [CP] Check Pods Manifest.lock */ = {
			isa = PBXShellScriptBuildPhase;
			buildActionMask = 2147483647;
			files = (
			);
			inputFileListPaths = (
			);
			inputPaths = (
				"${PODS_PODFILE_DIR_PATH}/Podfile.lock",
				"${PODS_ROOT}/Manifest.lock",
			);
			name = "[CP] Check Pods Manifest.lock";
			outputFileListPaths = (
			);
			outputPaths = (
				"$(DERIVED_FILE_DIR)/Pods-HolidayApp-checkManifestLockResult.txt",
			);
			runOnlyForDeploymentPostprocessing = 0;
			shellPath = /bin/sh;
			shellScript = "diff \"${PODS_PODFILE_DIR_PATH}/Podfile.lock\" \"${PODS_ROOT}/Manifest.lock\" > /dev/null\nif [ $? != 0 ] ; then\n    # print error to STDERR\n    echo \"error: The sandbox is not in sync with the Podfile.lock. Run 'pod install' or update your CocoaPods installation.\" >&2\n    exit 1\nfi\n# This output is used by Xcode 'outputs' to avoid re-running this script phase.\necho \"SUCCESS\" > \"${SCRIPT_OUTPUT_FILE_0}\"\n";
			showEnvVarsInLog = 0;
		};
/* End PBXShellScriptBuildPhase section */

/* Begin PBXSourcesBuildPhase section */
		705108D328AFEA8900C39001 /* Sources */ = {
			isa = PBXSourcesBuildPhase;
			buildActionMask = 2147483647;
			files = (
				705108F028AFED0100C39001 /* AppCoordinator.swift in Sources */,
				7028231828B4DEA7000B6F18 /* HomeViewModel.swift in Sources */,
				7066A7F128C1F88000302365 /* DetailsHolidayViewModel.swift in Sources */,
				705108DB28AFEA8900C39001 /* AppDelegate.swift in Sources */,
				705D108E28B0F76E009484D8 /* Network.swift in Sources */,
				7063887E28B8DA9700A29794 /* Holidays.swift in Sources */,
				7066A7F328C1F93B00302365 /* DetailsHolidayCoordinator.swift in Sources */,
				705108F528AFF16F00C39001 /* InitialCoordinator.swift in Sources */,
				705D10A328B10CEA009484D8 /* Countries.swift in Sources */,
				7063888328B8E83400A29794 /* HolidaysViewModel.swift in Sources */,
				705108F228AFF11A00C39001 /* BaseCoordinator.swift in Sources */,
				705108F928AFF2B600C39001 /* HomeViewController.swift in Sources */,
				7063888528B8E83E00A29794 /* HolidaysCoordinator.swift in Sources */,
				7028231A28B4E164000B6F18 /* ViewModelType.swift in Sources */,
				7066A7ED28C1E80C00302365 /* HolidayTableViewCell.swift in Sources */,
				705108FB28AFF31600C39001 /* HomeCoordinator.swift in Sources */,
				7028232328B4E90A000B6F18 /* SearchCountryCoordinator.swift in Sources */,
				7028231D28B4E489000B6F18 /* SearchCountryViewController.swift in Sources */,
				7028232A28B4F983000B6F18 /* HolidayRepository.swift in Sources */,
				7063888128B8E82700A29794 /* HolidaysViewController.swift in Sources */,
				7066A7F528C1F95700302365 /* DetailsHolidayViewController.swift in Sources */,
				7028232728B4F5FA000B6F18 /* CountryTableViewCell.swift in Sources */,
				705D108C28B0F32C009484D8 /* Networking.swift in Sources */,
				7028232128B4E8FC000B6F18 /* SearchCountryViewModel.swift in Sources */,
				7028231628B4DCA0000B6F18 /* UIView+CornerRadius.swift in Sources */,
			);
			runOnlyForDeploymentPostprocessing = 0;
		};
		705D108F28B106AE009484D8 /* Sources */ = {
			isa = PBXSourcesBuildPhase;
			buildActionMask = 2147483647;
			files = (
				705D109D28B106F4009484D8 /* NetworkingTest.swift in Sources */,
			);
			runOnlyForDeploymentPostprocessing = 0;
		};
/* End PBXSourcesBuildPhase section */

/* Begin PBXTargetDependency section */
		705D109828B106AE009484D8 /* PBXTargetDependency */ = {
			isa = PBXTargetDependency;
			target = 705108D628AFEA8900C39001 /* HolidayApp */;
			targetProxy = 705D109728B106AE009484D8 /* PBXContainerItemProxy */;
		};
/* End PBXTargetDependency section */

/* Begin PBXVariantGroup section */
		705108E028AFEA8900C39001 /* Main.storyboard */ = {
			isa = PBXVariantGroup;
			children = (
				705108E128AFEA8900C39001 /* Base */,
			);
			name = Main.storyboard;
			sourceTree = "<group>";
		};
		705108E528AFEA8A00C39001 /* LaunchScreen.storyboard */ = {
			isa = PBXVariantGroup;
			children = (
				705108E628AFEA8A00C39001 /* Base */,
			);
			name = LaunchScreen.storyboard;
			sourceTree = "<group>";
		};
/* End PBXVariantGroup section */

/* Begin XCBuildConfiguration section */
		705108E928AFEA8A00C39001 /* Debug */ = {
			isa = XCBuildConfiguration;
			buildSettings = {
				ALWAYS_SEARCH_USER_PATHS = NO;
				CLANG_ANALYZER_NONNULL = YES;
				CLANG_ANALYZER_NUMBER_OBJECT_CONVERSION = YES_AGGRESSIVE;
				CLANG_CXX_LANGUAGE_STANDARD = "gnu++17";
				CLANG_ENABLE_MODULES = YES;
				CLANG_ENABLE_OBJC_ARC = YES;
				CLANG_ENABLE_OBJC_WEAK = YES;
				CLANG_WARN_BLOCK_CAPTURE_AUTORELEASING = YES;
				CLANG_WARN_BOOL_CONVERSION = YES;
				CLANG_WARN_COMMA = YES;
				CLANG_WARN_CONSTANT_CONVERSION = YES;
				CLANG_WARN_DEPRECATED_OBJC_IMPLEMENTATIONS = YES;
				CLANG_WARN_DIRECT_OBJC_ISA_USAGE = YES_ERROR;
				CLANG_WARN_DOCUMENTATION_COMMENTS = YES;
				CLANG_WARN_EMPTY_BODY = YES;
				CLANG_WARN_ENUM_CONVERSION = YES;
				CLANG_WARN_INFINITE_RECURSION = YES;
				CLANG_WARN_INT_CONVERSION = YES;
				CLANG_WARN_NON_LITERAL_NULL_CONVERSION = YES;
				CLANG_WARN_OBJC_IMPLICIT_RETAIN_SELF = YES;
				CLANG_WARN_OBJC_LITERAL_CONVERSION = YES;
				CLANG_WARN_OBJC_ROOT_CLASS = YES_ERROR;
				CLANG_WARN_QUOTED_INCLUDE_IN_FRAMEWORK_HEADER = YES;
				CLANG_WARN_RANGE_LOOP_ANALYSIS = YES;
				CLANG_WARN_STRICT_PROTOTYPES = YES;
				CLANG_WARN_SUSPICIOUS_MOVE = YES;
				CLANG_WARN_UNGUARDED_AVAILABILITY = YES_AGGRESSIVE;
				CLANG_WARN_UNREACHABLE_CODE = YES;
				CLANG_WARN__DUPLICATE_METHOD_MATCH = YES;
				COPY_PHASE_STRIP = NO;
				DEBUG_INFORMATION_FORMAT = dwarf;
				ENABLE_STRICT_OBJC_MSGSEND = YES;
				ENABLE_TESTABILITY = YES;
				GCC_C_LANGUAGE_STANDARD = gnu11;
				GCC_DYNAMIC_NO_PIC = NO;
				GCC_NO_COMMON_BLOCKS = YES;
				GCC_OPTIMIZATION_LEVEL = 0;
				GCC_PREPROCESSOR_DEFINITIONS = (
					"DEBUG=1",
					"$(inherited)",
				);
				GCC_WARN_64_TO_32_BIT_CONVERSION = YES;
				GCC_WARN_ABOUT_RETURN_TYPE = YES_ERROR;
				GCC_WARN_UNDECLARED_SELECTOR = YES;
				GCC_WARN_UNINITIALIZED_AUTOS = YES_AGGRESSIVE;
				GCC_WARN_UNUSED_FUNCTION = YES;
				GCC_WARN_UNUSED_VARIABLE = YES;
				IPHONEOS_DEPLOYMENT_TARGET = 15.5;
				MTL_ENABLE_DEBUG_INFO = INCLUDE_SOURCE;
				MTL_FAST_MATH = YES;
				ONLY_ACTIVE_ARCH = YES;
				SDKROOT = iphoneos;
				SWIFT_ACTIVE_COMPILATION_CONDITIONS = DEBUG;
				SWIFT_OPTIMIZATION_LEVEL = "-Onone";
			};
			name = Debug;
		};
		705108EA28AFEA8A00C39001 /* Release */ = {
			isa = XCBuildConfiguration;
			buildSettings = {
				ALWAYS_SEARCH_USER_PATHS = NO;
				CLANG_ANALYZER_NONNULL = YES;
				CLANG_ANALYZER_NUMBER_OBJECT_CONVERSION = YES_AGGRESSIVE;
				CLANG_CXX_LANGUAGE_STANDARD = "gnu++17";
				CLANG_ENABLE_MODULES = YES;
				CLANG_ENABLE_OBJC_ARC = YES;
				CLANG_ENABLE_OBJC_WEAK = YES;
				CLANG_WARN_BLOCK_CAPTURE_AUTORELEASING = YES;
				CLANG_WARN_BOOL_CONVERSION = YES;
				CLANG_WARN_COMMA = YES;
				CLANG_WARN_CONSTANT_CONVERSION = YES;
				CLANG_WARN_DEPRECATED_OBJC_IMPLEMENTATIONS = YES;
				CLANG_WARN_DIRECT_OBJC_ISA_USAGE = YES_ERROR;
				CLANG_WARN_DOCUMENTATION_COMMENTS = YES;
				CLANG_WARN_EMPTY_BODY = YES;
				CLANG_WARN_ENUM_CONVERSION = YES;
				CLANG_WARN_INFINITE_RECURSION = YES;
				CLANG_WARN_INT_CONVERSION = YES;
				CLANG_WARN_NON_LITERAL_NULL_CONVERSION = YES;
				CLANG_WARN_OBJC_IMPLICIT_RETAIN_SELF = YES;
				CLANG_WARN_OBJC_LITERAL_CONVERSION = YES;
				CLANG_WARN_OBJC_ROOT_CLASS = YES_ERROR;
				CLANG_WARN_QUOTED_INCLUDE_IN_FRAMEWORK_HEADER = YES;
				CLANG_WARN_RANGE_LOOP_ANALYSIS = YES;
				CLANG_WARN_STRICT_PROTOTYPES = YES;
				CLANG_WARN_SUSPICIOUS_MOVE = YES;
				CLANG_WARN_UNGUARDED_AVAILABILITY = YES_AGGRESSIVE;
				CLANG_WARN_UNREACHABLE_CODE = YES;
				CLANG_WARN__DUPLICATE_METHOD_MATCH = YES;
				COPY_PHASE_STRIP = NO;
				DEBUG_INFORMATION_FORMAT = "dwarf-with-dsym";
				ENABLE_NS_ASSERTIONS = NO;
				ENABLE_STRICT_OBJC_MSGSEND = YES;
				GCC_C_LANGUAGE_STANDARD = gnu11;
				GCC_NO_COMMON_BLOCKS = YES;
				GCC_WARN_64_TO_32_BIT_CONVERSION = YES;
				GCC_WARN_ABOUT_RETURN_TYPE = YES_ERROR;
				GCC_WARN_UNDECLARED_SELECTOR = YES;
				GCC_WARN_UNINITIALIZED_AUTOS = YES_AGGRESSIVE;
				GCC_WARN_UNUSED_FUNCTION = YES;
				GCC_WARN_UNUSED_VARIABLE = YES;
				IPHONEOS_DEPLOYMENT_TARGET = 15.5;
				MTL_ENABLE_DEBUG_INFO = NO;
				MTL_FAST_MATH = YES;
				SDKROOT = iphoneos;
				SWIFT_COMPILATION_MODE = wholemodule;
				SWIFT_OPTIMIZATION_LEVEL = "-O";
				VALIDATE_PRODUCT = YES;
			};
			name = Release;
		};
		705108EC28AFEA8A00C39001 /* Debug */ = {
			isa = XCBuildConfiguration;
			baseConfigurationReference = CA1C77DA98C40250B646A6A2 /* Pods-HolidayApp.debug.xcconfig */;
			buildSettings = {
				ASSETCATALOG_COMPILER_APPICON_NAME = AppIcon;
				ASSETCATALOG_COMPILER_GLOBAL_ACCENT_COLOR_NAME = AccentColor;
				CODE_SIGN_STYLE = Automatic;
				CURRENT_PROJECT_VERSION = 1;
				DEVELOPMENT_TEAM = PD55FVRMRT;
				GENERATE_INFOPLIST_FILE = YES;
				INFOPLIST_FILE = HolidayApp/Info.plist;
				INFOPLIST_KEY_UIApplicationSupportsIndirectInputEvents = YES;
				INFOPLIST_KEY_UILaunchStoryboardName = LaunchScreen;
				INFOPLIST_KEY_UIMainStoryboardFile = Main;
				INFOPLIST_KEY_UISupportedInterfaceOrientations_iPad = "UIInterfaceOrientationPortrait UIInterfaceOrientationPortraitUpsideDown UIInterfaceOrientationLandscapeLeft UIInterfaceOrientationLandscapeRight";
				INFOPLIST_KEY_UISupportedInterfaceOrientations_iPhone = "UIInterfaceOrientationPortrait UIInterfaceOrientationLandscapeLeft UIInterfaceOrientationLandscapeRight";
				LD_RUNPATH_SEARCH_PATHS = (
					"$(inherited)",
					"@executable_path/Frameworks",
				);
				MARKETING_VERSION = 1.0;
				PRODUCT_BUNDLE_IDENTIFIER = enqq.HolidayApp;
				PRODUCT_NAME = "$(TARGET_NAME)";
				SWIFT_EMIT_LOC_STRINGS = YES;
				SWIFT_VERSION = 5.0;
				TARGETED_DEVICE_FAMILY = "1,2";
			};
			name = Debug;
		};
		705108ED28AFEA8A00C39001 /* Release */ = {
			isa = XCBuildConfiguration;
			baseConfigurationReference = 37998D3E522C05BB5C714685 /* Pods-HolidayApp.release.xcconfig */;
			buildSettings = {
				ASSETCATALOG_COMPILER_APPICON_NAME = AppIcon;
				ASSETCATALOG_COMPILER_GLOBAL_ACCENT_COLOR_NAME = AccentColor;
				CODE_SIGN_STYLE = Automatic;
				CURRENT_PROJECT_VERSION = 1;
				DEVELOPMENT_TEAM = PD55FVRMRT;
				GENERATE_INFOPLIST_FILE = YES;
				INFOPLIST_FILE = HolidayApp/Info.plist;
				INFOPLIST_KEY_UIApplicationSupportsIndirectInputEvents = YES;
				INFOPLIST_KEY_UILaunchStoryboardName = LaunchScreen;
				INFOPLIST_KEY_UIMainStoryboardFile = Main;
				INFOPLIST_KEY_UISupportedInterfaceOrientations_iPad = "UIInterfaceOrientationPortrait UIInterfaceOrientationPortraitUpsideDown UIInterfaceOrientationLandscapeLeft UIInterfaceOrientationLandscapeRight";
				INFOPLIST_KEY_UISupportedInterfaceOrientations_iPhone = "UIInterfaceOrientationPortrait UIInterfaceOrientationLandscapeLeft UIInterfaceOrientationLandscapeRight";
				LD_RUNPATH_SEARCH_PATHS = (
					"$(inherited)",
					"@executable_path/Frameworks",
				);
				MARKETING_VERSION = 1.0;
				PRODUCT_BUNDLE_IDENTIFIER = enqq.HolidayApp;
				PRODUCT_NAME = "$(TARGET_NAME)";
				SWIFT_EMIT_LOC_STRINGS = YES;
				SWIFT_VERSION = 5.0;
				TARGETED_DEVICE_FAMILY = "1,2";
			};
			name = Release;
		};
		705D109A28B106AE009484D8 /* Debug */ = {
			isa = XCBuildConfiguration;
			buildSettings = {
				BUNDLE_LOADER = "$(TEST_HOST)";
				CODE_SIGN_STYLE = Automatic;
				CURRENT_PROJECT_VERSION = 1;
				DEVELOPMENT_TEAM = PD55FVRMRT;
				GENERATE_INFOPLIST_FILE = YES;
				MARKETING_VERSION = 1.0;
				PRODUCT_BUNDLE_IDENTIFIER = enqq.HolidayAppTests;
				PRODUCT_NAME = "$(TARGET_NAME)";
				SWIFT_EMIT_LOC_STRINGS = NO;
				SWIFT_VERSION = 5.0;
				TARGETED_DEVICE_FAMILY = "1,2";
				TEST_HOST = "$(BUILT_PRODUCTS_DIR)/HolidayApp.app/HolidayApp";
			};
			name = Debug;
		};
		705D109B28B106AE009484D8 /* Release */ = {
			isa = XCBuildConfiguration;
			buildSettings = {
				BUNDLE_LOADER = "$(TEST_HOST)";
				CODE_SIGN_STYLE = Automatic;
				CURRENT_PROJECT_VERSION = 1;
				DEVELOPMENT_TEAM = PD55FVRMRT;
				GENERATE_INFOPLIST_FILE = YES;
				MARKETING_VERSION = 1.0;
				PRODUCT_BUNDLE_IDENTIFIER = enqq.HolidayAppTests;
				PRODUCT_NAME = "$(TARGET_NAME)";
				SWIFT_EMIT_LOC_STRINGS = NO;
				SWIFT_VERSION = 5.0;
				TARGETED_DEVICE_FAMILY = "1,2";
				TEST_HOST = "$(BUILT_PRODUCTS_DIR)/HolidayApp.app/HolidayApp";
			};
			name = Release;
		};
/* End XCBuildConfiguration section */

/* Begin XCConfigurationList section */
		705108D228AFEA8900C39001 /* Build configuration list for PBXProject "HolidayApp" */ = {
			isa = XCConfigurationList;
			buildConfigurations = (
				705108E928AFEA8A00C39001 /* Debug */,
				705108EA28AFEA8A00C39001 /* Release */,
			);
			defaultConfigurationIsVisible = 0;
			defaultConfigurationName = Release;
		};
		705108EB28AFEA8A00C39001 /* Build configuration list for PBXNativeTarget "HolidayApp" */ = {
			isa = XCConfigurationList;
			buildConfigurations = (
				705108EC28AFEA8A00C39001 /* Debug */,
				705108ED28AFEA8A00C39001 /* Release */,
			);
			defaultConfigurationIsVisible = 0;
			defaultConfigurationName = Release;
		};
		705D109928B106AE009484D8 /* Build configuration list for PBXNativeTarget "HolidayAppTests" */ = {
			isa = XCConfigurationList;
			buildConfigurations = (
				705D109A28B106AE009484D8 /* Debug */,
				705D109B28B106AE009484D8 /* Release */,
			);
			defaultConfigurationIsVisible = 0;
			defaultConfigurationName = Release;
		};
/* End XCConfigurationList section */
	};
	rootObject = 705108CF28AFEA8900C39001 /* Project object */;
}
